// !$*UTF8*$!
{
	archiveVersion = 1;
	classes = {
	};
	objectVersion = 56;
	objects = {

/* Begin PBXBuildFile section */
		AD1C435F2B8490D200D856EC /* NetworkError.swift in Sources */ = {isa = PBXBuildFile; fileRef = AD1C435E2B8490D200D856EC /* NetworkError.swift */; };
		AD1C43682B85C75400D856EC /* NetworkSessionType.swift in Sources */ = {isa = PBXBuildFile; fileRef = AD1C43672B85C75400D856EC /* NetworkSessionType.swift */; };
		AD1C436A2B85C78B00D856EC /* NetworkSession.swift in Sources */ = {isa = PBXBuildFile; fileRef = AD1C43692B85C78B00D856EC /* NetworkSession.swift */; };
		AD1C436F2B85C9FE00D856EC /* DailyBoxOffice.swift in Sources */ = {isa = PBXBuildFile; fileRef = AD1C436E2B85C9FE00D856EC /* DailyBoxOffice.swift */; };
		AD1C43712B85CA2800D856EC /* MovieDetails.swift in Sources */ = {isa = PBXBuildFile; fileRef = AD1C43702B85CA2800D856EC /* MovieDetails.swift */; };
		AD1C43732B85CA4A00D856EC /* DaumSearchResult.swift in Sources */ = {isa = PBXBuildFile; fileRef = AD1C43722B85CA4A00D856EC /* DaumSearchResult.swift */; };
		AD1C43832B87471B00D856EC /* HTTPMethod.swift in Sources */ = {isa = PBXBuildFile; fileRef = AD1C43822B87471B00D856EC /* HTTPMethod.swift */; };
		AD1C43882B879A1400D856EC /* NetworkProvider.swift in Sources */ = {isa = PBXBuildFile; fileRef = AD1C43872B879A1400D856EC /* NetworkProvider.swift */; };
		AD1C438D2B885A7E00D856EC /* NetworkJSONDecodable.swift in Sources */ = {isa = PBXBuildFile; fileRef = AD1C438C2B885A7E00D856EC /* NetworkJSONDecodable.swift */; };
		AD1C438F2B885AF500D856EC /* NetworkJSONDecoder.swift in Sources */ = {isa = PBXBuildFile; fileRef = AD1C438E2B885AF500D856EC /* NetworkJSONDecoder.swift */; };
		AD1C43972B888EC000D856EC /* NetworkJSONSerializer.swift in Sources */ = {isa = PBXBuildFile; fileRef = AD1C43962B888EC000D856EC /* NetworkJSONSerializer.swift */; };
		AD1C43992B888F1F00D856EC /* NetworkJSONSerializable.swift in Sources */ = {isa = PBXBuildFile; fileRef = AD1C43982B888F1F00D856EC /* NetworkJSONSerializable.swift */; };
		AD1C43C12B8DB85400D856EC /* DaumImageSearchAPI.swift in Sources */ = {isa = PBXBuildFile; fileRef = AD1C43C02B8DB85400D856EC /* DaumImageSearchAPI.swift */; };
		AD1C43C32B8DC61200D856EC /* ImageURLSearchable.swift in Sources */ = {isa = PBXBuildFile; fileRef = AD1C43C22B8DC61200D856EC /* ImageURLSearchable.swift */; };
		AD1C43C62B8DCDB500D856EC /* DaumImageSearcher.swift in Sources */ = {isa = PBXBuildFile; fileRef = AD1C43C52B8DCDB500D856EC /* DaumImageSearcher.swift */; };
		AD1C43CC2B8E2EBD00D856EC /* ImageURLSearchError.swift in Sources */ = {isa = PBXBuildFile; fileRef = AD1C43CB2B8E2EBD00D856EC /* ImageURLSearchError.swift */; };
		AD1C43DA2B8F224F00D856EC /* InMemoryCacheStorage.swift in Sources */ = {isa = PBXBuildFile; fileRef = AD1C43D92B8F224F00D856EC /* InMemoryCacheStorage.swift */; };
		AD1C43E32B91AB8A00D856EC /* OnDiskCacheStorage.swift in Sources */ = {isa = PBXBuildFile; fileRef = AD1C43E22B91AB8A00D856EC /* OnDiskCacheStorage.swift */; };
		AD2D7A2B2B7DC6C100F5A7C0 /* APIConfigurationType.swift in Sources */ = {isa = PBXBuildFile; fileRef = AD2D7A2A2B7DC6C100F5A7C0 /* APIConfigurationType.swift */; };
		AD32E7E92B95E3D4002AD62C /* Date+.swift in Sources */ = {isa = PBXBuildFile; fileRef = AD32E7E82B95E3D4002AD62C /* Date+.swift */; };
		AD32E7F82B970B70002AD62C /* ImageCache.swift in Sources */ = {isa = PBXBuildFile; fileRef = AD32E7F72B970B70002AD62C /* ImageCache.swift */; };
		AD32E8022B9B250D002AD62C /* ImageProviderType.swift in Sources */ = {isa = PBXBuildFile; fileRef = AD32E8012B9B250D002AD62C /* ImageProviderType.swift */; };
		AD32E8042B9B2515002AD62C /* ImageProvider.swift in Sources */ = {isa = PBXBuildFile; fileRef = AD32E8032B9B2515002AD62C /* ImageProvider.swift */; };
		AD32E8062B9C4F20002AD62C /* ImageCacheType.swift in Sources */ = {isa = PBXBuildFile; fileRef = AD32E8052B9C4F20002AD62C /* ImageCacheType.swift */; };
		AD32E80C2B9EE431002AD62C /* MockURLProtocol.swift in Sources */ = {isa = PBXBuildFile; fileRef = AD32E80B2B9EE431002AD62C /* MockURLProtocol.swift */; };
		AD32E80F2B9EE958002AD62C /* MockData.swift in Sources */ = {isa = PBXBuildFile; fileRef = AD32E80E2B9EE958002AD62C /* MockData.swift */; };
		AD32E8212BA46598002AD62C /* DailyBoxOfficeAPITest.swift in Sources */ = {isa = PBXBuildFile; fileRef = AD32E8202BA46598002AD62C /* DailyBoxOfficeAPITest.swift */; };
		AD32E8232BA46633002AD62C /* BoxOffice.swift in Sources */ = {isa = PBXBuildFile; fileRef = AD1C43AE2B8C97C800D856EC /* BoxOffice.swift */; };
		AD32E8242BA46635002AD62C /* BoxOfficeType.swift in Sources */ = {isa = PBXBuildFile; fileRef = AD1C43A92B8C830D00D856EC /* BoxOfficeType.swift */; };
		AD32E8262BA4681A002AD62C /* DailyBoxOfficeAPI.swift in Sources */ = {isa = PBXBuildFile; fileRef = AD32E8252BA4681A002AD62C /* DailyBoxOfficeAPI.swift */; };
		AD32E8282BA4684C002AD62C /* MovieDetailsAPI.swift in Sources */ = {isa = PBXBuildFile; fileRef = AD32E8272BA4684C002AD62C /* MovieDetailsAPI.swift */; };
		AD32E82B2BA8542C002AD62C /* NetworkSessionTest.swift in Sources */ = {isa = PBXBuildFile; fileRef = AD32E82A2BA8542C002AD62C /* NetworkSessionTest.swift */; };
		ADD87BEB2B7611320065B9A6 /* AppDelegate.swift in Sources */ = {isa = PBXBuildFile; fileRef = ADD87BEA2B7611320065B9A6 /* AppDelegate.swift */; };
		ADD87BED2B7611320065B9A6 /* SceneDelegate.swift in Sources */ = {isa = PBXBuildFile; fileRef = ADD87BEC2B7611320065B9A6 /* SceneDelegate.swift */; };
		ADD87BEF2B7611320065B9A6 /* ViewController.swift in Sources */ = {isa = PBXBuildFile; fileRef = ADD87BEE2B7611320065B9A6 /* ViewController.swift */; };
		ADD87BF42B7611330065B9A6 /* Assets.xcassets in Resources */ = {isa = PBXBuildFile; fileRef = ADD87BF32B7611330065B9A6 /* Assets.xcassets */; };
		ADD87BF72B7611330065B9A6 /* LaunchScreen.storyboard in Resources */ = {isa = PBXBuildFile; fileRef = ADD87BF52B7611330065B9A6 /* LaunchScreen.storyboard */; };
		ADD87C022B7611340065B9A6 /* BoxOffice_MVVMTests.swift in Sources */ = {isa = PBXBuildFile; fileRef = ADD87C012B7611340065B9A6 /* BoxOffice_MVVMTests.swift */; };
		ADD87C0C2B7611340065B9A6 /* BoxOffice_MVVMUITests.swift in Sources */ = {isa = PBXBuildFile; fileRef = ADD87C0B2B7611340065B9A6 /* BoxOffice_MVVMUITests.swift */; };
		ADD87C0E2B7611340065B9A6 /* BoxOffice_MVVMUITestsLaunchTests.swift in Sources */ = {isa = PBXBuildFile; fileRef = ADD87C0D2B7611340065B9A6 /* BoxOffice_MVVMUITestsLaunchTests.swift */; };
/* End PBXBuildFile section */

/* Begin PBXContainerItemProxy section */
		ADD87BFE2B7611340065B9A6 /* PBXContainerItemProxy */ = {
			isa = PBXContainerItemProxy;
			containerPortal = ADD87BDF2B7611320065B9A6 /* Project object */;
			proxyType = 1;
			remoteGlobalIDString = ADD87BE62B7611320065B9A6;
			remoteInfo = BoxOffice_MVVM;
		};
		ADD87C082B7611340065B9A6 /* PBXContainerItemProxy */ = {
			isa = PBXContainerItemProxy;
			containerPortal = ADD87BDF2B7611320065B9A6 /* Project object */;
			proxyType = 1;
			remoteGlobalIDString = ADD87BE62B7611320065B9A6;
			remoteInfo = BoxOffice_MVVM;
		};
/* End PBXContainerItemProxy section */

/* Begin PBXFileReference section */
		AD1C435E2B8490D200D856EC /* NetworkError.swift */ = {isa = PBXFileReference; lastKnownFileType = sourcecode.swift; path = NetworkError.swift; sourceTree = "<group>"; };
		AD1C43672B85C75400D856EC /* NetworkSessionType.swift */ = {isa = PBXFileReference; lastKnownFileType = sourcecode.swift; path = NetworkSessionType.swift; sourceTree = "<group>"; };
		AD1C43692B85C78B00D856EC /* NetworkSession.swift */ = {isa = PBXFileReference; lastKnownFileType = sourcecode.swift; path = NetworkSession.swift; sourceTree = "<group>"; };
		AD1C436E2B85C9FE00D856EC /* DailyBoxOffice.swift */ = {isa = PBXFileReference; lastKnownFileType = sourcecode.swift; path = DailyBoxOffice.swift; sourceTree = "<group>"; };
		AD1C43702B85CA2800D856EC /* MovieDetails.swift */ = {isa = PBXFileReference; lastKnownFileType = sourcecode.swift; path = MovieDetails.swift; sourceTree = "<group>"; };
		AD1C43722B85CA4A00D856EC /* DaumSearchResult.swift */ = {isa = PBXFileReference; lastKnownFileType = sourcecode.swift; path = DaumSearchResult.swift; sourceTree = "<group>"; };
		AD1C43822B87471B00D856EC /* HTTPMethod.swift */ = {isa = PBXFileReference; lastKnownFileType = sourcecode.swift; path = HTTPMethod.swift; sourceTree = "<group>"; };
		AD1C43872B879A1400D856EC /* NetworkProvider.swift */ = {isa = PBXFileReference; lastKnownFileType = sourcecode.swift; path = NetworkProvider.swift; sourceTree = "<group>"; };
		AD1C438C2B885A7E00D856EC /* NetworkJSONDecodable.swift */ = {isa = PBXFileReference; lastKnownFileType = sourcecode.swift; path = NetworkJSONDecodable.swift; sourceTree = "<group>"; };
		AD1C438E2B885AF500D856EC /* NetworkJSONDecoder.swift */ = {isa = PBXFileReference; lastKnownFileType = sourcecode.swift; path = NetworkJSONDecoder.swift; sourceTree = "<group>"; };
		AD1C43962B888EC000D856EC /* NetworkJSONSerializer.swift */ = {isa = PBXFileReference; fileEncoding = 4; lastKnownFileType = sourcecode.swift; path = NetworkJSONSerializer.swift; sourceTree = "<group>"; };
		AD1C43982B888F1F00D856EC /* NetworkJSONSerializable.swift */ = {isa = PBXFileReference; fileEncoding = 4; lastKnownFileType = sourcecode.swift; path = NetworkJSONSerializable.swift; sourceTree = "<group>"; };
		AD1C43A92B8C830D00D856EC /* BoxOfficeType.swift */ = {isa = PBXFileReference; lastKnownFileType = sourcecode.swift; path = BoxOfficeType.swift; sourceTree = "<group>"; };
		AD1C43AE2B8C97C800D856EC /* BoxOffice.swift */ = {isa = PBXFileReference; lastKnownFileType = sourcecode.swift; path = BoxOffice.swift; sourceTree = "<group>"; };
		AD1C43B42B8CA11000D856EC /* Development.xcconfig */ = {isa = PBXFileReference; lastKnownFileType = text.xcconfig; path = Development.xcconfig; sourceTree = "<group>"; };
		AD1C43C02B8DB85400D856EC /* DaumImageSearchAPI.swift */ = {isa = PBXFileReference; lastKnownFileType = sourcecode.swift; path = DaumImageSearchAPI.swift; sourceTree = "<group>"; };
		AD1C43C22B8DC61200D856EC /* ImageURLSearchable.swift */ = {isa = PBXFileReference; lastKnownFileType = sourcecode.swift; path = ImageURLSearchable.swift; sourceTree = "<group>"; };
		AD1C43C52B8DCDB500D856EC /* DaumImageSearcher.swift */ = {isa = PBXFileReference; lastKnownFileType = sourcecode.swift; path = DaumImageSearcher.swift; sourceTree = "<group>"; };
		AD1C43CB2B8E2EBD00D856EC /* ImageURLSearchError.swift */ = {isa = PBXFileReference; lastKnownFileType = sourcecode.swift; path = ImageURLSearchError.swift; sourceTree = "<group>"; };
		AD1C43D92B8F224F00D856EC /* InMemoryCacheStorage.swift */ = {isa = PBXFileReference; lastKnownFileType = sourcecode.swift; path = InMemoryCacheStorage.swift; sourceTree = "<group>"; };
		AD1C43E22B91AB8A00D856EC /* OnDiskCacheStorage.swift */ = {isa = PBXFileReference; lastKnownFileType = sourcecode.swift; path = OnDiskCacheStorage.swift; sourceTree = "<group>"; };
		AD2D7A2A2B7DC6C100F5A7C0 /* APIConfigurationType.swift */ = {isa = PBXFileReference; lastKnownFileType = sourcecode.swift; path = APIConfigurationType.swift; sourceTree = "<group>"; };
		AD32E7E82B95E3D4002AD62C /* Date+.swift */ = {isa = PBXFileReference; lastKnownFileType = sourcecode.swift; path = "Date+.swift"; sourceTree = "<group>"; };
		AD32E7F72B970B70002AD62C /* ImageCache.swift */ = {isa = PBXFileReference; lastKnownFileType = sourcecode.swift; path = ImageCache.swift; sourceTree = "<group>"; };
		AD32E8012B9B250D002AD62C /* ImageProviderType.swift */ = {isa = PBXFileReference; lastKnownFileType = sourcecode.swift; path = ImageProviderType.swift; sourceTree = "<group>"; };
		AD32E8032B9B2515002AD62C /* ImageProvider.swift */ = {isa = PBXFileReference; lastKnownFileType = sourcecode.swift; path = ImageProvider.swift; sourceTree = "<group>"; };
		AD32E8052B9C4F20002AD62C /* ImageCacheType.swift */ = {isa = PBXFileReference; lastKnownFileType = sourcecode.swift; path = ImageCacheType.swift; sourceTree = "<group>"; };
		AD32E80B2B9EE431002AD62C /* MockURLProtocol.swift */ = {isa = PBXFileReference; lastKnownFileType = sourcecode.swift; path = MockURLProtocol.swift; sourceTree = "<group>"; };
		AD32E80E2B9EE958002AD62C /* MockData.swift */ = {isa = PBXFileReference; lastKnownFileType = sourcecode.swift; path = MockData.swift; sourceTree = "<group>"; };
		AD32E8202BA46598002AD62C /* DailyBoxOfficeAPITest.swift */ = {isa = PBXFileReference; lastKnownFileType = sourcecode.swift; path = DailyBoxOfficeAPITest.swift; sourceTree = "<group>"; };
		AD32E8252BA4681A002AD62C /* DailyBoxOfficeAPI.swift */ = {isa = PBXFileReference; lastKnownFileType = sourcecode.swift; path = DailyBoxOfficeAPI.swift; sourceTree = "<group>"; };
		AD32E8272BA4684C002AD62C /* MovieDetailsAPI.swift */ = {isa = PBXFileReference; lastKnownFileType = sourcecode.swift; path = MovieDetailsAPI.swift; sourceTree = "<group>"; };
		AD32E82A2BA8542C002AD62C /* NetworkSessionTest.swift */ = {isa = PBXFileReference; lastKnownFileType = sourcecode.swift; path = NetworkSessionTest.swift; sourceTree = "<group>"; };
		ADD87BE72B7611320065B9A6 /* BoxOffice_MVVM.app */ = {isa = PBXFileReference; explicitFileType = wrapper.application; includeInIndex = 0; path = BoxOffice_MVVM.app; sourceTree = BUILT_PRODUCTS_DIR; };
		ADD87BEA2B7611320065B9A6 /* AppDelegate.swift */ = {isa = PBXFileReference; lastKnownFileType = sourcecode.swift; path = AppDelegate.swift; sourceTree = "<group>"; };
		ADD87BEC2B7611320065B9A6 /* SceneDelegate.swift */ = {isa = PBXFileReference; lastKnownFileType = sourcecode.swift; path = SceneDelegate.swift; sourceTree = "<group>"; };
		ADD87BEE2B7611320065B9A6 /* ViewController.swift */ = {isa = PBXFileReference; lastKnownFileType = sourcecode.swift; path = ViewController.swift; sourceTree = "<group>"; };
		ADD87BF32B7611330065B9A6 /* Assets.xcassets */ = {isa = PBXFileReference; lastKnownFileType = folder.assetcatalog; path = Assets.xcassets; sourceTree = "<group>"; };
		ADD87BF62B7611330065B9A6 /* Base */ = {isa = PBXFileReference; lastKnownFileType = file.storyboard; name = Base; path = Base.lproj/LaunchScreen.storyboard; sourceTree = "<group>"; };
		ADD87BF82B7611330065B9A6 /* Info.plist */ = {isa = PBXFileReference; lastKnownFileType = text.plist.xml; path = Info.plist; sourceTree = "<group>"; };
		ADD87BFD2B7611340065B9A6 /* BoxOffice_MVVMTests.xctest */ = {isa = PBXFileReference; explicitFileType = wrapper.cfbundle; includeInIndex = 0; path = BoxOffice_MVVMTests.xctest; sourceTree = BUILT_PRODUCTS_DIR; };
		ADD87C012B7611340065B9A6 /* BoxOffice_MVVMTests.swift */ = {isa = PBXFileReference; lastKnownFileType = sourcecode.swift; path = BoxOffice_MVVMTests.swift; sourceTree = "<group>"; };
		ADD87C072B7611340065B9A6 /* BoxOffice_MVVMUITests.xctest */ = {isa = PBXFileReference; explicitFileType = wrapper.cfbundle; includeInIndex = 0; path = BoxOffice_MVVMUITests.xctest; sourceTree = BUILT_PRODUCTS_DIR; };
		ADD87C0B2B7611340065B9A6 /* BoxOffice_MVVMUITests.swift */ = {isa = PBXFileReference; lastKnownFileType = sourcecode.swift; path = BoxOffice_MVVMUITests.swift; sourceTree = "<group>"; };
		ADD87C0D2B7611340065B9A6 /* BoxOffice_MVVMUITestsLaunchTests.swift */ = {isa = PBXFileReference; lastKnownFileType = sourcecode.swift; path = BoxOffice_MVVMUITestsLaunchTests.swift; sourceTree = "<group>"; };
/* End PBXFileReference section */

/* Begin PBXFrameworksBuildPhase section */
		ADD87BE42B7611320065B9A6 /* Frameworks */ = {
			isa = PBXFrameworksBuildPhase;
			buildActionMask = 2147483647;
			files = (
			);
			runOnlyForDeploymentPostprocessing = 0;
		};
		ADD87BFA2B7611340065B9A6 /* Frameworks */ = {
			isa = PBXFrameworksBuildPhase;
			buildActionMask = 2147483647;
			files = (
			);
			runOnlyForDeploymentPostprocessing = 0;
		};
		ADD87C042B7611340065B9A6 /* Frameworks */ = {
			isa = PBXFrameworksBuildPhase;
			buildActionMask = 2147483647;
			files = (
			);
			runOnlyForDeploymentPostprocessing = 0;
		};
/* End PBXFrameworksBuildPhase section */

/* Begin PBXGroup section */
		AD1C43632B84928D00D856EC /* Common */ = {
			isa = PBXGroup;
			children = (
				AD1C435E2B8490D200D856EC /* NetworkError.swift */,
				AD1C43822B87471B00D856EC /* HTTPMethod.swift */,
			);
			path = Common;
			sourceTree = "<group>";
		};
		AD1C43662B85C73700D856EC /* Session */ = {
			isa = PBXGroup;
			children = (
				AD1C43672B85C75400D856EC /* NetworkSessionType.swift */,
				AD1C43692B85C78B00D856EC /* NetworkSession.swift */,
			);
			path = Session;
			sourceTree = "<group>";
		};
		AD1C436D2B85C98300D856EC /* Data */ = {
			isa = PBXGroup;
			children = (
				AD1C436E2B85C9FE00D856EC /* DailyBoxOffice.swift */,
				AD1C43702B85CA2800D856EC /* MovieDetails.swift */,
			);
			path = Data;
			sourceTree = "<group>";
		};
		AD1C43742B85DED200D856EC /* APIConfiguration */ = {
			isa = PBXGroup;
			children = (
				AD2D7A2A2B7DC6C100F5A7C0 /* APIConfigurationType.swift */,
			);
			path = APIConfiguration;
			sourceTree = "<group>";
		};
		AD1C43892B885A2700D856EC /* DataMapping */ = {
			isa = PBXGroup;
			children = (
				AD1C43912B885B0400D856EC /* Implementation */,
				AD1C43902B885AFE00D856EC /* Interface */,
			);
			path = DataMapping;
			sourceTree = "<group>";
		};
		AD1C43902B885AFE00D856EC /* Interface */ = {
			isa = PBXGroup;
			children = (
				AD1C438C2B885A7E00D856EC /* NetworkJSONDecodable.swift */,
				AD1C43982B888F1F00D856EC /* NetworkJSONSerializable.swift */,
			);
			path = Interface;
			sourceTree = "<group>";
		};
		AD1C43912B885B0400D856EC /* Implementation */ = {
			isa = PBXGroup;
			children = (
				AD1C438E2B885AF500D856EC /* NetworkJSONDecoder.swift */,
				AD1C43962B888EC000D856EC /* NetworkJSONSerializer.swift */,
			);
			path = Implementation;
			sourceTree = "<group>";
		};
		AD1C43A62B8C829000D856EC /* BoxOffice */ = {
			isa = PBXGroup;
			children = (
				AD1C43A92B8C830D00D856EC /* BoxOfficeType.swift */,
				AD1C43AE2B8C97C800D856EC /* BoxOffice.swift */,
			);
			path = BoxOffice;
			sourceTree = "<group>";
		};
		AD1C43BD2B8DB81800D856EC /* DaumImageSearcher */ = {
			isa = PBXGroup;
			children = (
				AD1C43C52B8DCDB500D856EC /* DaumImageSearcher.swift */,
				AD1C43722B85CA4A00D856EC /* DaumSearchResult.swift */,
			);
			path = DaumImageSearcher;
			sourceTree = "<group>";
		};
		AD1C43C42B8DC76200D856EC /* ImageURLSearcher */ = {
			isa = PBXGroup;
			children = (
				AD1C43C22B8DC61200D856EC /* ImageURLSearchable.swift */,
				AD1C43CB2B8E2EBD00D856EC /* ImageURLSearchError.swift */,
				AD1C43BD2B8DB81800D856EC /* DaumImageSearcher */,
			);
			path = ImageURLSearcher;
			sourceTree = "<group>";
		};
		AD1C43CE2B8E375C00D856EC /* API */ = {
			isa = PBXGroup;
			children = (
				AD1C43C02B8DB85400D856EC /* DaumImageSearchAPI.swift */,
				AD32E8252BA4681A002AD62C /* DailyBoxOfficeAPI.swift */,
				AD32E8272BA4684C002AD62C /* MovieDetailsAPI.swift */,
			);
			path = API;
			sourceTree = "<group>";
		};
		AD1C43CF2B8E422700D856EC /* Cache */ = {
			isa = PBXGroup;
			children = (
				AD32E8052B9C4F20002AD62C /* ImageCacheType.swift */,
				AD32E7F72B970B70002AD62C /* ImageCache.swift */,
				AD1C43D42B8E42A000D856EC /* Storage */,
				AD32E7E72B95E3C2002AD62C /* Helper */,
			);
			path = Cache;
			sourceTree = "<group>";
		};
		AD1C43D42B8E42A000D856EC /* Storage */ = {
			isa = PBXGroup;
			children = (
				AD1C43D92B8F224F00D856EC /* InMemoryCacheStorage.swift */,
				AD1C43E22B91AB8A00D856EC /* OnDiskCacheStorage.swift */,
			);
			path = Storage;
			sourceTree = "<group>";
		};
		AD32E7E72B95E3C2002AD62C /* Helper */ = {
			isa = PBXGroup;
			children = (
				AD32E7E82B95E3D4002AD62C /* Date+.swift */,
			);
			path = Helper;
			sourceTree = "<group>";
		};
		AD32E8002B9B24F3002AD62C /* ImageProvider */ = {
			isa = PBXGroup;
			children = (
				AD32E8012B9B250D002AD62C /* ImageProviderType.swift */,
				AD32E8032B9B2515002AD62C /* ImageProvider.swift */,
			);
			path = ImageProvider;
			sourceTree = "<group>";
		};
		AD32E8092B9EE02F002AD62C /* APITests */ = {
			isa = PBXGroup;
			children = (
				AD32E8202BA46598002AD62C /* DailyBoxOfficeAPITest.swift */,
			);
			path = APITests;
			sourceTree = "<group>";
		};
		AD32E80A2B9EE412002AD62C /* Mock */ = {
			isa = PBXGroup;
			children = (
				AD32E80B2B9EE431002AD62C /* MockURLProtocol.swift */,
				AD32E80E2B9EE958002AD62C /* MockData.swift */,
			);
			path = Mock;
			sourceTree = "<group>";
		};
		AD32E8292BA85419002AD62C /* NetworkSessionTest */ = {
			isa = PBXGroup;
			children = (
				AD32E82A2BA8542C002AD62C /* NetworkSessionTest.swift */,
			);
			path = NetworkSessionTest;
			sourceTree = "<group>";
		};
		ADD87BDE2B7611320065B9A6 = {
			isa = PBXGroup;
			children = (
				ADD87BE92B7611320065B9A6 /* BoxOffice_MVVM */,
				ADD87C002B7611340065B9A6 /* BoxOffice_MVVMTests */,
				ADD87C0A2B7611340065B9A6 /* BoxOffice_MVVMUITests */,
				ADD87BE82B7611320065B9A6 /* Products */,
			);
			sourceTree = "<group>";
		};
		ADD87BE82B7611320065B9A6 /* Products */ = {
			isa = PBXGroup;
			children = (
				ADD87BE72B7611320065B9A6 /* BoxOffice_MVVM.app */,
				ADD87BFD2B7611340065B9A6 /* BoxOffice_MVVMTests.xctest */,
				ADD87C072B7611340065B9A6 /* BoxOffice_MVVMUITests.xctest */,
			);
			name = Products;
			sourceTree = "<group>";
		};
		ADD87BE92B7611320065B9A6 /* BoxOffice_MVVM */ = {
			isa = PBXGroup;
			children = (
				ADD87BF82B7611330065B9A6 /* Info.plist */,
				AD1C43B42B8CA11000D856EC /* Development.xcconfig */,
				ADD87C1A2B7B0FB10065B9A6 /* Application */,
				ADD87C1D2B7B0FD80065B9A6 /* Model */,
				ADD87C1C2B7B0FCB0065B9A6 /* View */,
				ADD87C1B2B7B0FB90065B9A6 /* Network */,
				AD1C43CF2B8E422700D856EC /* Cache */,
				ADD87C1E2B7B0FF10065B9A6 /* Resources */,
			);
			path = BoxOffice_MVVM;
			sourceTree = "<group>";
		};
		ADD87C002B7611340065B9A6 /* BoxOffice_MVVMTests */ = {
			isa = PBXGroup;
			children = (
				ADD87C012B7611340065B9A6 /* BoxOffice_MVVMTests.swift */,
				AD32E80A2B9EE412002AD62C /* Mock */,
				AD32E8292BA85419002AD62C /* NetworkSessionTest */,
				AD32E8092B9EE02F002AD62C /* APITests */,
			);
			path = BoxOffice_MVVMTests;
			sourceTree = "<group>";
		};
		ADD87C0A2B7611340065B9A6 /* BoxOffice_MVVMUITests */ = {
			isa = PBXGroup;
			children = (
				ADD87C0B2B7611340065B9A6 /* BoxOffice_MVVMUITests.swift */,
				ADD87C0D2B7611340065B9A6 /* BoxOffice_MVVMUITestsLaunchTests.swift */,
			);
			path = BoxOffice_MVVMUITests;
			sourceTree = "<group>";
		};
		ADD87C1A2B7B0FB10065B9A6 /* Application */ = {
			isa = PBXGroup;
			children = (
				ADD87BEA2B7611320065B9A6 /* AppDelegate.swift */,
				ADD87BEC2B7611320065B9A6 /* SceneDelegate.swift */,
			);
			path = Application;
			sourceTree = "<group>";
		};
		ADD87C1B2B7B0FB90065B9A6 /* Network */ = {
			isa = PBXGroup;
			children = (
				AD1C43872B879A1400D856EC /* NetworkProvider.swift */,
				AD1C43892B885A2700D856EC /* DataMapping */,
				AD1C43662B85C73700D856EC /* Session */,
				AD1C43742B85DED200D856EC /* APIConfiguration */,
				AD1C43632B84928D00D856EC /* Common */,
			);
			path = Network;
			sourceTree = "<group>";
		};
		ADD87C1C2B7B0FCB0065B9A6 /* View */ = {
			isa = PBXGroup;
			children = (
				ADD87BEE2B7611320065B9A6 /* ViewController.swift */,
			);
			path = View;
			sourceTree = "<group>";
		};
		ADD87C1D2B7B0FD80065B9A6 /* Model */ = {
			isa = PBXGroup;
			children = (
				AD32E8002B9B24F3002AD62C /* ImageProvider */,
				AD1C43CE2B8E375C00D856EC /* API */,
				AD1C43A62B8C829000D856EC /* BoxOffice */,
				AD1C43C42B8DC76200D856EC /* ImageURLSearcher */,
				AD1C436D2B85C98300D856EC /* Data */,
			);
			path = Model;
			sourceTree = "<group>";
		};
		ADD87C1E2B7B0FF10065B9A6 /* Resources */ = {
			isa = PBXGroup;
			children = (
				ADD87BF32B7611330065B9A6 /* Assets.xcassets */,
				ADD87BF52B7611330065B9A6 /* LaunchScreen.storyboard */,
			);
			path = Resources;
			sourceTree = "<group>";
		};
/* End PBXGroup section */

/* Begin PBXNativeTarget section */
		ADD87BE62B7611320065B9A6 /* BoxOffice_MVVM */ = {
			isa = PBXNativeTarget;
			buildConfigurationList = ADD87C112B7611340065B9A6 /* Build configuration list for PBXNativeTarget "BoxOffice_MVVM" */;
			buildPhases = (
				ADD87BE32B7611320065B9A6 /* Sources */,
				ADD87BE42B7611320065B9A6 /* Frameworks */,
				ADD87BE52B7611320065B9A6 /* Resources */,
			);
			buildRules = (
			);
			dependencies = (
			);
			name = BoxOffice_MVVM;
			productName = BoxOffice_MVVM;
			productReference = ADD87BE72B7611320065B9A6 /* BoxOffice_MVVM.app */;
			productType = "com.apple.product-type.application";
		};
		ADD87BFC2B7611340065B9A6 /* BoxOffice_MVVMTests */ = {
			isa = PBXNativeTarget;
			buildConfigurationList = ADD87C142B7611340065B9A6 /* Build configuration list for PBXNativeTarget "BoxOffice_MVVMTests" */;
			buildPhases = (
				ADD87BF92B7611340065B9A6 /* Sources */,
				ADD87BFA2B7611340065B9A6 /* Frameworks */,
				ADD87BFB2B7611340065B9A6 /* Resources */,
			);
			buildRules = (
			);
			dependencies = (
				ADD87BFF2B7611340065B9A6 /* PBXTargetDependency */,
			);
			name = BoxOffice_MVVMTests;
			productName = BoxOffice_MVVMTests;
			productReference = ADD87BFD2B7611340065B9A6 /* BoxOffice_MVVMTests.xctest */;
			productType = "com.apple.product-type.bundle.unit-test";
		};
		ADD87C062B7611340065B9A6 /* BoxOffice_MVVMUITests */ = {
			isa = PBXNativeTarget;
			buildConfigurationList = ADD87C172B7611340065B9A6 /* Build configuration list for PBXNativeTarget "BoxOffice_MVVMUITests" */;
			buildPhases = (
				ADD87C032B7611340065B9A6 /* Sources */,
				ADD87C042B7611340065B9A6 /* Frameworks */,
				ADD87C052B7611340065B9A6 /* Resources */,
			);
			buildRules = (
			);
			dependencies = (
				ADD87C092B7611340065B9A6 /* PBXTargetDependency */,
			);
			name = BoxOffice_MVVMUITests;
			productName = BoxOffice_MVVMUITests;
			productReference = ADD87C072B7611340065B9A6 /* BoxOffice_MVVMUITests.xctest */;
			productType = "com.apple.product-type.bundle.ui-testing";
		};
/* End PBXNativeTarget section */

/* Begin PBXProject section */
		ADD87BDF2B7611320065B9A6 /* Project object */ = {
			isa = PBXProject;
			attributes = {
				BuildIndependentTargetsInParallel = 1;
				LastSwiftUpdateCheck = 1430;
				LastUpgradeCheck = 1430;
				TargetAttributes = {
					ADD87BE62B7611320065B9A6 = {
						CreatedOnToolsVersion = 14.3;
					};
					ADD87BFC2B7611340065B9A6 = {
						CreatedOnToolsVersion = 14.3;
						TestTargetID = ADD87BE62B7611320065B9A6;
					};
					ADD87C062B7611340065B9A6 = {
						CreatedOnToolsVersion = 14.3;
						TestTargetID = ADD87BE62B7611320065B9A6;
					};
				};
			};
			buildConfigurationList = ADD87BE22B7611320065B9A6 /* Build configuration list for PBXProject "BoxOffice_MVVM" */;
			compatibilityVersion = "Xcode 14.0";
			developmentRegion = en;
			hasScannedForEncodings = 0;
			knownRegions = (
				en,
				Base,
			);
			mainGroup = ADD87BDE2B7611320065B9A6;
			productRefGroup = ADD87BE82B7611320065B9A6 /* Products */;
			projectDirPath = "";
			projectRoot = "";
			targets = (
				ADD87BE62B7611320065B9A6 /* BoxOffice_MVVM */,
				ADD87BFC2B7611340065B9A6 /* BoxOffice_MVVMTests */,
				ADD87C062B7611340065B9A6 /* BoxOffice_MVVMUITests */,
			);
		};
/* End PBXProject section */

/* Begin PBXResourcesBuildPhase section */
		ADD87BE52B7611320065B9A6 /* Resources */ = {
			isa = PBXResourcesBuildPhase;
			buildActionMask = 2147483647;
			files = (
				ADD87BF72B7611330065B9A6 /* LaunchScreen.storyboard in Resources */,
				ADD87BF42B7611330065B9A6 /* Assets.xcassets in Resources */,
			);
			runOnlyForDeploymentPostprocessing = 0;
		};
		ADD87BFB2B7611340065B9A6 /* Resources */ = {
			isa = PBXResourcesBuildPhase;
			buildActionMask = 2147483647;
			files = (
			);
			runOnlyForDeploymentPostprocessing = 0;
		};
		ADD87C052B7611340065B9A6 /* Resources */ = {
			isa = PBXResourcesBuildPhase;
			buildActionMask = 2147483647;
			files = (
			);
			runOnlyForDeploymentPostprocessing = 0;
		};
/* End PBXResourcesBuildPhase section */

/* Begin PBXSourcesBuildPhase section */
		ADD87BE32B7611320065B9A6 /* Sources */ = {
			isa = PBXSourcesBuildPhase;
			buildActionMask = 2147483647;
			files = (
				ADD87BEF2B7611320065B9A6 /* ViewController.swift in Sources */,
				AD1C436F2B85C9FE00D856EC /* DailyBoxOffice.swift in Sources */,
				ADD87BEB2B7611320065B9A6 /* AppDelegate.swift in Sources */,
				AD1C43992B888F1F00D856EC /* NetworkJSONSerializable.swift in Sources */,
				AD1C43C62B8DCDB500D856EC /* DaumImageSearcher.swift in Sources */,
				AD1C43712B85CA2800D856EC /* MovieDetails.swift in Sources */,
				AD1C43E32B91AB8A00D856EC /* OnDiskCacheStorage.swift in Sources */,
				ADD87BED2B7611320065B9A6 /* SceneDelegate.swift in Sources */,
				AD1C43C12B8DB85400D856EC /* DaumImageSearchAPI.swift in Sources */,
				AD1C43882B879A1400D856EC /* NetworkProvider.swift in Sources */,
				AD2D7A2B2B7DC6C100F5A7C0 /* APIConfigurationType.swift in Sources */,
				AD1C43CC2B8E2EBD00D856EC /* ImageURLSearchError.swift in Sources */,
				AD32E8232BA46633002AD62C /* BoxOffice.swift in Sources */,
				AD1C43C32B8DC61200D856EC /* ImageURLSearchable.swift in Sources */,
				AD1C438F2B885AF500D856EC /* NetworkJSONDecoder.swift in Sources */,
				AD32E7E92B95E3D4002AD62C /* Date+.swift in Sources */,
				AD32E8282BA4684C002AD62C /* MovieDetailsAPI.swift in Sources */,
				AD32E8262BA4681A002AD62C /* DailyBoxOfficeAPI.swift in Sources */,
				AD1C436A2B85C78B00D856EC /* NetworkSession.swift in Sources */,
				AD1C43832B87471B00D856EC /* HTTPMethod.swift in Sources */,
				AD1C43DA2B8F224F00D856EC /* InMemoryCacheStorage.swift in Sources */,
				AD32E7F82B970B70002AD62C /* ImageCache.swift in Sources */,
				AD1C438D2B885A7E00D856EC /* NetworkJSONDecodable.swift in Sources */,
				AD1C43972B888EC000D856EC /* NetworkJSONSerializer.swift in Sources */,
				AD1C43732B85CA4A00D856EC /* DaumSearchResult.swift in Sources */,
				AD1C435F2B8490D200D856EC /* NetworkError.swift in Sources */,
				AD1C43682B85C75400D856EC /* NetworkSessionType.swift in Sources */,
				AD32E8042B9B2515002AD62C /* ImageProvider.swift in Sources */,
				AD32E8022B9B250D002AD62C /* ImageProviderType.swift in Sources */,
				AD32E8062B9C4F20002AD62C /* ImageCacheType.swift in Sources */,
				AD32E8242BA46635002AD62C /* BoxOfficeType.swift in Sources */,
			);
			runOnlyForDeploymentPostprocessing = 0;
		};
		ADD87BF92B7611340065B9A6 /* Sources */ = {
			isa = PBXSourcesBuildPhase;
			buildActionMask = 2147483647;
			files = (
				ADD87C022B7611340065B9A6 /* BoxOffice_MVVMTests.swift in Sources */,
				AD32E80F2B9EE958002AD62C /* MockData.swift in Sources */,
				AD32E80C2B9EE431002AD62C /* MockURLProtocol.swift in Sources */,
				AD32E82B2BA8542C002AD62C /* NetworkSessionTest.swift in Sources */,
				AD32E8212BA46598002AD62C /* DailyBoxOfficeAPITest.swift in Sources */,
			);
			runOnlyForDeploymentPostprocessing = 0;
		};
		ADD87C032B7611340065B9A6 /* Sources */ = {
			isa = PBXSourcesBuildPhase;
			buildActionMask = 2147483647;
			files = (
				ADD87C0E2B7611340065B9A6 /* BoxOffice_MVVMUITestsLaunchTests.swift in Sources */,
				ADD87C0C2B7611340065B9A6 /* BoxOffice_MVVMUITests.swift in Sources */,
			);
			runOnlyForDeploymentPostprocessing = 0;
		};
/* End PBXSourcesBuildPhase section */

/* Begin PBXTargetDependency section */
		ADD87BFF2B7611340065B9A6 /* PBXTargetDependency */ = {
			isa = PBXTargetDependency;
			target = ADD87BE62B7611320065B9A6 /* BoxOffice_MVVM */;
			targetProxy = ADD87BFE2B7611340065B9A6 /* PBXContainerItemProxy */;
		};
		ADD87C092B7611340065B9A6 /* PBXTargetDependency */ = {
			isa = PBXTargetDependency;
			target = ADD87BE62B7611320065B9A6 /* BoxOffice_MVVM */;
			targetProxy = ADD87C082B7611340065B9A6 /* PBXContainerItemProxy */;
		};
/* End PBXTargetDependency section */

/* Begin PBXVariantGroup section */
		ADD87BF52B7611330065B9A6 /* LaunchScreen.storyboard */ = {
			isa = PBXVariantGroup;
			children = (
				ADD87BF62B7611330065B9A6 /* Base */,
			);
			name = LaunchScreen.storyboard;
			sourceTree = "<group>";
		};
/* End PBXVariantGroup section */

/* Begin XCBuildConfiguration section */
		ADD87C0F2B7611340065B9A6 /* Debug */ = {
			isa = XCBuildConfiguration;
			baseConfigurationReference = AD1C43B42B8CA11000D856EC /* Development.xcconfig */;
			buildSettings = {
				ALWAYS_SEARCH_USER_PATHS = NO;
				CLANG_ANALYZER_NONNULL = YES;
				CLANG_ANALYZER_NUMBER_OBJECT_CONVERSION = YES_AGGRESSIVE;
				CLANG_CXX_LANGUAGE_STANDARD = "gnu++20";
				CLANG_ENABLE_MODULES = YES;
				CLANG_ENABLE_OBJC_ARC = YES;
				CLANG_ENABLE_OBJC_WEAK = YES;
				CLANG_WARN_BLOCK_CAPTURE_AUTORELEASING = YES;
				CLANG_WARN_BOOL_CONVERSION = YES;
				CLANG_WARN_COMMA = YES;
				CLANG_WARN_CONSTANT_CONVERSION = YES;
				CLANG_WARN_DEPRECATED_OBJC_IMPLEMENTATIONS = YES;
				CLANG_WARN_DIRECT_OBJC_ISA_USAGE = YES_ERROR;
				CLANG_WARN_DOCUMENTATION_COMMENTS = YES;
				CLANG_WARN_EMPTY_BODY = YES;
				CLANG_WARN_ENUM_CONVERSION = YES;
				CLANG_WARN_INFINITE_RECURSION = YES;
				CLANG_WARN_INT_CONVERSION = YES;
				CLANG_WARN_NON_LITERAL_NULL_CONVERSION = YES;
				CLANG_WARN_OBJC_IMPLICIT_RETAIN_SELF = YES;
				CLANG_WARN_OBJC_LITERAL_CONVERSION = YES;
				CLANG_WARN_OBJC_ROOT_CLASS = YES_ERROR;
				CLANG_WARN_QUOTED_INCLUDE_IN_FRAMEWORK_HEADER = YES;
				CLANG_WARN_RANGE_LOOP_ANALYSIS = YES;
				CLANG_WARN_STRICT_PROTOTYPES = YES;
				CLANG_WARN_SUSPICIOUS_MOVE = YES;
				CLANG_WARN_UNGUARDED_AVAILABILITY = YES_AGGRESSIVE;
				CLANG_WARN_UNREACHABLE_CODE = YES;
				CLANG_WARN__DUPLICATE_METHOD_MATCH = YES;
				COPY_PHASE_STRIP = NO;
				DEBUG_INFORMATION_FORMAT = dwarf;
				ENABLE_STRICT_OBJC_MSGSEND = YES;
				ENABLE_TESTABILITY = YES;
				GCC_C_LANGUAGE_STANDARD = gnu11;
				GCC_DYNAMIC_NO_PIC = NO;
				GCC_NO_COMMON_BLOCKS = YES;
				GCC_OPTIMIZATION_LEVEL = 0;
				GCC_PREPROCESSOR_DEFINITIONS = (
					"DEBUG=1",
					"$(inherited)",
				);
				GCC_WARN_64_TO_32_BIT_CONVERSION = YES;
				GCC_WARN_ABOUT_RETURN_TYPE = YES_ERROR;
				GCC_WARN_UNDECLARED_SELECTOR = YES;
				GCC_WARN_UNINITIALIZED_AUTOS = YES_AGGRESSIVE;
				GCC_WARN_UNUSED_FUNCTION = YES;
				GCC_WARN_UNUSED_VARIABLE = YES;
				IPHONEOS_DEPLOYMENT_TARGET = 16.4;
				MTL_ENABLE_DEBUG_INFO = INCLUDE_SOURCE;
				MTL_FAST_MATH = YES;
				ONLY_ACTIVE_ARCH = YES;
				SDKROOT = iphoneos;
				SWIFT_ACTIVE_COMPILATION_CONDITIONS = DEBUG;
				SWIFT_OPTIMIZATION_LEVEL = "-Onone";
			};
			name = Debug;
		};
		ADD87C102B7611340065B9A6 /* Release */ = {
			isa = XCBuildConfiguration;
			buildSettings = {
				ALWAYS_SEARCH_USER_PATHS = NO;
				CLANG_ANALYZER_NONNULL = YES;
				CLANG_ANALYZER_NUMBER_OBJECT_CONVERSION = YES_AGGRESSIVE;
				CLANG_CXX_LANGUAGE_STANDARD = "gnu++20";
				CLANG_ENABLE_MODULES = YES;
				CLANG_ENABLE_OBJC_ARC = YES;
				CLANG_ENABLE_OBJC_WEAK = YES;
				CLANG_WARN_BLOCK_CAPTURE_AUTORELEASING = YES;
				CLANG_WARN_BOOL_CONVERSION = YES;
				CLANG_WARN_COMMA = YES;
				CLANG_WARN_CONSTANT_CONVERSION = YES;
				CLANG_WARN_DEPRECATED_OBJC_IMPLEMENTATIONS = YES;
				CLANG_WARN_DIRECT_OBJC_ISA_USAGE = YES_ERROR;
				CLANG_WARN_DOCUMENTATION_COMMENTS = YES;
				CLANG_WARN_EMPTY_BODY = YES;
				CLANG_WARN_ENUM_CONVERSION = YES;
				CLANG_WARN_INFINITE_RECURSION = YES;
				CLANG_WARN_INT_CONVERSION = YES;
				CLANG_WARN_NON_LITERAL_NULL_CONVERSION = YES;
				CLANG_WARN_OBJC_IMPLICIT_RETAIN_SELF = YES;
				CLANG_WARN_OBJC_LITERAL_CONVERSION = YES;
				CLANG_WARN_OBJC_ROOT_CLASS = YES_ERROR;
				CLANG_WARN_QUOTED_INCLUDE_IN_FRAMEWORK_HEADER = YES;
				CLANG_WARN_RANGE_LOOP_ANALYSIS = YES;
				CLANG_WARN_STRICT_PROTOTYPES = YES;
				CLANG_WARN_SUSPICIOUS_MOVE = YES;
				CLANG_WARN_UNGUARDED_AVAILABILITY = YES_AGGRESSIVE;
				CLANG_WARN_UNREACHABLE_CODE = YES;
				CLANG_WARN__DUPLICATE_METHOD_MATCH = YES;
				COPY_PHASE_STRIP = NO;
				DEBUG_INFORMATION_FORMAT = "dwarf-with-dsym";
				ENABLE_NS_ASSERTIONS = NO;
				ENABLE_STRICT_OBJC_MSGSEND = YES;
				GCC_C_LANGUAGE_STANDARD = gnu11;
				GCC_NO_COMMON_BLOCKS = YES;
				GCC_WARN_64_TO_32_BIT_CONVERSION = YES;
				GCC_WARN_ABOUT_RETURN_TYPE = YES_ERROR;
				GCC_WARN_UNDECLARED_SELECTOR = YES;
				GCC_WARN_UNINITIALIZED_AUTOS = YES_AGGRESSIVE;
				GCC_WARN_UNUSED_FUNCTION = YES;
				GCC_WARN_UNUSED_VARIABLE = YES;
				IPHONEOS_DEPLOYMENT_TARGET = 16.4;
				MTL_ENABLE_DEBUG_INFO = NO;
				MTL_FAST_MATH = YES;
				SDKROOT = iphoneos;
				SWIFT_COMPILATION_MODE = wholemodule;
				SWIFT_OPTIMIZATION_LEVEL = "-O";
				VALIDATE_PRODUCT = YES;
			};
			name = Release;
		};
		ADD87C122B7611340065B9A6 /* Debug */ = {
			isa = XCBuildConfiguration;
			buildSettings = {
				ASSETCATALOG_COMPILER_APPICON_NAME = AppIcon;
				ASSETCATALOG_COMPILER_GLOBAL_ACCENT_COLOR_NAME = AccentColor;
				CODE_SIGN_STYLE = Automatic;
				CURRENT_PROJECT_VERSION = 1;
				GENERATE_INFOPLIST_FILE = YES;
				INFOPLIST_FILE = BoxOffice_MVVM/Info.plist;
				INFOPLIST_KEY_UIApplicationSupportsIndirectInputEvents = YES;
				INFOPLIST_KEY_UILaunchStoryboardName = LaunchScreen;
				INFOPLIST_KEY_UISupportedInterfaceOrientations = UIInterfaceOrientationPortrait;
				INFOPLIST_KEY_UISupportedInterfaceOrientations_iPad = "UIInterfaceOrientationLandscapeLeft UIInterfaceOrientationLandscapeRight UIInterfaceOrientationPortrait UIInterfaceOrientationPortraitUpsideDown";
				LD_RUNPATH_SEARCH_PATHS = (
					"$(inherited)",
					"@executable_path/Frameworks",
				);
				MARKETING_VERSION = 1.0;
				PRODUCT_BUNDLE_IDENTIFIER = "net.yagom.BoxOffice-MVVM";
				PRODUCT_NAME = "$(TARGET_NAME)";
				SUPPORTED_PLATFORMS = "iphoneos iphonesimulator";
				SUPPORTS_MACCATALYST = NO;
				SUPPORTS_MAC_DESIGNED_FOR_IPHONE_IPAD = NO;
				SWIFT_EMIT_LOC_STRINGS = YES;
				SWIFT_VERSION = 5.0;
				TARGETED_DEVICE_FAMILY = 1;
			};
			name = Debug;
		};
		ADD87C132B7611340065B9A6 /* Release */ = {
			isa = XCBuildConfiguration;
			buildSettings = {
				ASSETCATALOG_COMPILER_APPICON_NAME = AppIcon;
				ASSETCATALOG_COMPILER_GLOBAL_ACCENT_COLOR_NAME = AccentColor;
				CODE_SIGN_STYLE = Automatic;
				CURRENT_PROJECT_VERSION = 1;
				GENERATE_INFOPLIST_FILE = YES;
				INFOPLIST_FILE = BoxOffice_MVVM/Info.plist;
				INFOPLIST_KEY_UIApplicationSupportsIndirectInputEvents = YES;
				INFOPLIST_KEY_UILaunchStoryboardName = LaunchScreen;
				INFOPLIST_KEY_UISupportedInterfaceOrientations = UIInterfaceOrientationPortrait;
				INFOPLIST_KEY_UISupportedInterfaceOrientations_iPad = "UIInterfaceOrientationLandscapeLeft UIInterfaceOrientationLandscapeRight UIInterfaceOrientationPortrait UIInterfaceOrientationPortraitUpsideDown";
				LD_RUNPATH_SEARCH_PATHS = (
					"$(inherited)",
					"@executable_path/Frameworks",
				);
				MARKETING_VERSION = 1.0;
				PRODUCT_BUNDLE_IDENTIFIER = "net.yagom.BoxOffice-MVVM";
				PRODUCT_NAME = "$(TARGET_NAME)";
				SUPPORTED_PLATFORMS = "iphoneos iphonesimulator";
				SUPPORTS_MACCATALYST = NO;
				SUPPORTS_MAC_DESIGNED_FOR_IPHONE_IPAD = NO;
				SWIFT_EMIT_LOC_STRINGS = YES;
				SWIFT_VERSION = 5.0;
				TARGETED_DEVICE_FAMILY = 1;
			};
			name = Release;
		};
		ADD87C152B7611340065B9A6 /* Debug */ = {
			isa = XCBuildConfiguration;
			buildSettings = {
				ALWAYS_EMBED_SWIFT_STANDARD_LIBRARIES = YES;
				BUNDLE_LOADER = "$(TEST_HOST)";
				CODE_SIGN_STYLE = Automatic;
				CURRENT_PROJECT_VERSION = 1;
				GENERATE_INFOPLIST_FILE = YES;
				IPHONEOS_DEPLOYMENT_TARGET = 16.4;
				MARKETING_VERSION = 1.0;
				PRODUCT_BUNDLE_IDENTIFIER = "net.yagom.BoxOffice-MVVMTests";
				PRODUCT_NAME = "$(TARGET_NAME)";
				SWIFT_EMIT_LOC_STRINGS = NO;
				SWIFT_VERSION = 5.0;
				TARGETED_DEVICE_FAMILY = "1,2";
				TEST_HOST = "$(BUILT_PRODUCTS_DIR)/BoxOffice_MVVM.app/$(BUNDLE_EXECUTABLE_FOLDER_PATH)/BoxOffice_MVVM";
			};
			name = Debug;
		};
		ADD87C162B7611340065B9A6 /* Release */ = {
			isa = XCBuildConfiguration;
			buildSettings = {
				ALWAYS_EMBED_SWIFT_STANDARD_LIBRARIES = YES;
				BUNDLE_LOADER = "$(TEST_HOST)";
				CODE_SIGN_STYLE = Automatic;
				CURRENT_PROJECT_VERSION = 1;
				GENERATE_INFOPLIST_FILE = YES;
				IPHONEOS_DEPLOYMENT_TARGET = 16.4;
				MARKETING_VERSION = 1.0;
				PRODUCT_BUNDLE_IDENTIFIER = "net.yagom.BoxOffice-MVVMTests";
				PRODUCT_NAME = "$(TARGET_NAME)";
				SWIFT_EMIT_LOC_STRINGS = NO;
				SWIFT_VERSION = 5.0;
				TARGETED_DEVICE_FAMILY = "1,2";
				TEST_HOST = "$(BUILT_PRODUCTS_DIR)/BoxOffice_MVVM.app/$(BUNDLE_EXECUTABLE_FOLDER_PATH)/BoxOffice_MVVM";
			};
			name = Release;
		};
		ADD87C182B7611340065B9A6 /* Debug */ = {
			isa = XCBuildConfiguration;
			buildSettings = {
				ALWAYS_EMBED_SWIFT_STANDARD_LIBRARIES = YES;
				CODE_SIGN_STYLE = Automatic;
				CURRENT_PROJECT_VERSION = 1;
				GENERATE_INFOPLIST_FILE = YES;
				MARKETING_VERSION = 1.0;
				PRODUCT_BUNDLE_IDENTIFIER = "net.yagom.BoxOffice-MVVMUITests";
				PRODUCT_NAME = "$(TARGET_NAME)";
				SWIFT_EMIT_LOC_STRINGS = NO;
				SWIFT_VERSION = 5.0;
				TARGETED_DEVICE_FAMILY = "1,2";
				TEST_TARGET_NAME = BoxOffice_MVVM;
			};
			name = Debug;
		};
		ADD87C192B7611340065B9A6 /* Release */ = {
			isa = XCBuildConfiguration;
			buildSettings = {
				ALWAYS_EMBED_SWIFT_STANDARD_LIBRARIES = YES;
				CODE_SIGN_STYLE = Automatic;
				CURRENT_PROJECT_VERSION = 1;
				GENERATE_INFOPLIST_FILE = YES;
				MARKETING_VERSION = 1.0;
				PRODUCT_BUNDLE_IDENTIFIER = "net.yagom.BoxOffice-MVVMUITests";
				PRODUCT_NAME = "$(TARGET_NAME)";
				SWIFT_EMIT_LOC_STRINGS = NO;
				SWIFT_VERSION = 5.0;
				TARGETED_DEVICE_FAMILY = "1,2";
				TEST_TARGET_NAME = BoxOffice_MVVM;
			};
			name = Release;
		};
/* End XCBuildConfiguration section */

/* Begin XCConfigurationList section */
		ADD87BE22B7611320065B9A6 /* Build configuration list for PBXProject "BoxOffice_MVVM" */ = {
			isa = XCConfigurationList;
			buildConfigurations = (
				ADD87C0F2B7611340065B9A6 /* Debug */,
				ADD87C102B7611340065B9A6 /* Release */,
			);
			defaultConfigurationIsVisible = 0;
			defaultConfigurationName = Release;
		};
		ADD87C112B7611340065B9A6 /* Build configuration list for PBXNativeTarget "BoxOffice_MVVM" */ = {
			isa = XCConfigurationList;
			buildConfigurations = (
				ADD87C122B7611340065B9A6 /* Debug */,
				ADD87C132B7611340065B9A6 /* Release */,
			);
			defaultConfigurationIsVisible = 0;
			defaultConfigurationName = Release;
		};
		ADD87C142B7611340065B9A6 /* Build configuration list for PBXNativeTarget "BoxOffice_MVVMTests" */ = {
			isa = XCConfigurationList;
			buildConfigurations = (
				ADD87C152B7611340065B9A6 /* Debug */,
				ADD87C162B7611340065B9A6 /* Release */,
			);
			defaultConfigurationIsVisible = 0;
			defaultConfigurationName = Release;
		};
		ADD87C172B7611340065B9A6 /* Build configuration list for PBXNativeTarget "BoxOffice_MVVMUITests" */ = {
			isa = XCConfigurationList;
			buildConfigurations = (
				ADD87C182B7611340065B9A6 /* Debug */,
				ADD87C192B7611340065B9A6 /* Release */,
			);
			defaultConfigurationIsVisible = 0;
			defaultConfigurationName = Release;
		};
/* End XCConfigurationList section */
	};
	rootObject = ADD87BDF2B7611320065B9A6 /* Project object */;
}
